
Microsoft Visual Studio Solution File, Format Version 12.00
# Visual Studio Version 16
VisualStudioVersion = 16.0.31205.134
MinimumVisualStudioVersion = 10.0.40219.1
Project("{FAE04EC0-301F-11D3-BF4B-00C04F79EFBC}") = "NotificationService.API", "NotificationService.API\NotificationService.API.csproj", "{C92C0443-6B9E-4375-8E4B-8A35EAAA233B}"
EndProject
Project("{FAE04EC0-301F-11D3-BF4B-00C04F79EFBC}") = "NotificationService.Service", "NotificationService.Service\NotificationService.Service.csproj", "{9B4FA286-5AB8-4455-966B-070F0A695949}"
EndProject
Global
	GlobalSection(SolutionConfigurationPlatforms) = preSolution
		Debug|Any CPU = Debug|Any CPU
		Release|Any CPU = Release|Any CPU
	EndGlobalSection
	GlobalSection(ProjectConfigurationPlatforms) = postSolution
		{C92C0443-6B9E-4375-8E4B-8A35EAAA233B}.Debug|Any CPU.ActiveCfg = Debug|Any CPU
		{C92C0443-6B9E-4375-8E4B-8A35EAAA233B}.Debug|Any CPU.Build.0 = Debug|Any CPU
		{C92C0443-6B9E-4375-8E4B-8A35EAAA233B}.Release|Any CPU.ActiveCfg = Release|Any CPU
		{C92C0443-6B9E-4375-8E4B-8A35EAAA233B}.Release|Any CPU.Build.0 = Release|Any CPU
		{9B4FA286-5AB8-4455-966B-070F0A695949}.Debug|Any CPU.ActiveCfg = Debug|Any CPU
		{9B4FA286-5AB8-4455-966B-070F0A695949}.Debug|Any CPU.Build.0 = Debug|Any CPU
		{9B4FA286-5AB8-4455-966B-070F0A695949}.Release|Any CPU.ActiveCfg = Release|Any CPU
		{9B4FA286-5AB8-4455-966B-070F0A695949}.Release|Any CPU.Build.0 = Release|Any CPU
	EndGlobalSection
	GlobalSection(SolutionProperties) = preSolution
		HideSolutionNode = FALSE
	EndGlobalSection
	GlobalSection(ExtensibilityGlobals) = postSolution
		SolutionGuid = {5217A2B5-A610-4E5F-BEFD-4F6B19AB06F6}
	EndGlobalSection
EndGlobal
